
Microsoft Visual Studio Solution File, Format Version 12.00
# Visual Studio Version 16
VisualStudioVersion = 16.0.29905.134
MinimumVisualStudioVersion = 10.0.40219.1
Project("{8BC9CEB8-8B4A-11D0-8D11-00A0C91BC942}") = "PathTracerInOneWE", "PathTracerInOneWE.vcxproj", "{A0608E2F-0388-452B-AA2A-F38C4905579D}"
EndProject
Global
	GlobalSection(SolutionConfigurationPlatforms) = preSolution
		Debug|x64 = Debug|x64
		Debug|x86 = Debug|x86
		Release|x64 = Release|x64
		Release|x86 = Release|x86
	EndGlobalSection
	GlobalSection(ProjectConfigurationPlatforms) = postSolution
		{A0608E2F-0388-452B-AA2A-F38C4905579D}.Debug|x64.ActiveCfg = Debug|x64
		{A0608E2F-0388-452B-AA2A-F38C4905579D}.Debug|x64.Build.0 = Debug|x64
		{A0608E2F-0388-452B-AA2A-F38C4905579D}.Debug|x86.ActiveCfg = Debug|Win32
		{A0608E2F-0388-452B-AA2A-F38C4905579D}.Debug|x86.Build.0 = Debug|Win32
		{A0608E2F-0388-452B-AA2A-F38C4905579D}.Release|x64.ActiveCfg = Release|x64
		{A0608E2F-0388-452B-AA2A-F38C4905579D}.Release|x64.Build.0 = Release|x64
		{A0608E2F-0388-452B-AA2A-F38C4905579D}.Release|x86.ActiveCfg = Release|Win32
		{A0608E2F-0388-452B-AA2A-F38C4905579D}.Release|x86.Build.0 = Release|Win32
	EndGlobalSection
	GlobalSection(SolutionProperties) = preSolution
		HideSolutionNode = FALSE
	EndGlobalSection
	GlobalSection(ExtensibilityGlobals) = postSolution
		SolutionGuid = {154F5E58-FEAE-4228-A2AC-6EDA3426E33D}
	EndGlobalSection
EndGlobal
